
Microsoft Visual Studio Solution File, Format Version 12.00
# Visual Studio Version 16
VisualStudioVersion = 16.0.30907.101
MinimumVisualStudioVersion = 10.0.40219.1
Project("{FAE04EC0-301F-11D3-BF4B-00C04F79EFBC}") = "WeatherApp.UWP", "WeatherApp\WeatherApp.UWP\WeatherApp.UWP.csproj", "{8B49D2A6-B14E-4A49-AFDC-8B7330647895}"
EndProject
Project("{FAE04EC0-301F-11D3-BF4B-00C04F79EFBC}") = "WeatherApp.Android", "WeatherApp\WeatherApp.Android\WeatherApp.Android.csproj", "{D5AB5ED2-B96A-4901-9943-1556DC556FE3}"
EndProject
Project("{9A19103F-16F7-4668-BE54-9A1E7A4F7556}") = "WeatherApp", "WeatherApp\WeatherApp\WeatherApp.csproj", "{B3273969-56D5-4811-9205-1739C82920EF}"
EndProject
Global
	GlobalSection(SolutionConfigurationPlatforms) = preSolution
		Debug|Any CPU = Debug|Any CPU
		Debug|ARM = Debug|ARM
		Debug|iPhone = Debug|iPhone
		Debug|iPhoneSimulator = Debug|iPhoneSimulator
		Debug|x64 = Debug|x64
		Debug|x86 = Debug|x86
		Release|Any CPU = Release|Any CPU
		Release|ARM = Release|ARM
		Release|iPhone = Release|iPhone
		Release|iPhoneSimulator = Release|iPhoneSimulator
		Release|x64 = Release|x64
		Release|x86 = Release|x86
	EndGlobalSection
	GlobalSection(ProjectConfigurationPlatforms) = postSolution
		{8B49D2A6-B14E-4A49-AFDC-8B7330647895}.Debug|Any CPU.ActiveCfg = Debug|x86
		{8B49D2A6-B14E-4A49-AFDC-8B7330647895}.Debug|Any CPU.Build.0 = Debug|x86
		{8B49D2A6-B14E-4A49-AFDC-8B7330647895}.Debug|Any CPU.Deploy.0 = Debug|x86
		{8B49D2A6-B14E-4A49-AFDC-8B7330647895}.Debug|ARM.ActiveCfg = Debug|ARM
		{8B49D2A6-B14E-4A49-AFDC-8B7330647895}.Debug|ARM.Build.0 = Debug|ARM
		{8B49D2A6-B14E-4A49-AFDC-8B7330647895}.Debug|ARM.Deploy.0 = Debug|ARM
		{8B49D2A6-B14E-4A49-AFDC-8B7330647895}.Debug|iPhone.ActiveCfg = Debug|x86
		{8B49D2A6-B14E-4A49-AFDC-8B7330647895}.Debug|iPhone.Build.0 = Debug|x86
		{8B49D2A6-B14E-4A49-AFDC-8B7330647895}.Debug|iPhone.Deploy.0 = Debug|x86
		{8B49D2A6-B14E-4A49-AFDC-8B7330647895}.Debug|iPhoneSimulator.ActiveCfg = Debug|x86
		{8B49D2A6-B14E-4A49-AFDC-8B7330647895}.Debug|iPhoneSimulator.Build.0 = Debug|x86
		{8B49D2A6-B14E-4A49-AFDC-8B7330647895}.Debug|iPhoneSimulator.Deploy.0 = Debug|x86
		{8B49D2A6-B14E-4A49-AFDC-8B7330647895}.Debug|x64.ActiveCfg = Debug|x64
		{8B49D2A6-B14E-4A49-AFDC-8B7330647895}.Debug|x64.Build.0 = Debug|x64
		{8B49D2A6-B14E-4A49-AFDC-8B7330647895}.Debug|x64.Deploy.0 = Debug|x64
		{8B49D2A6-B14E-4A49-AFDC-8B7330647895}.Debug|x86.ActiveCfg = Debug|x86
		{8B49D2A6-B14E-4A49-AFDC-8B7330647895}.Debug|x86.Build.0 = Debug|x86
		{8B49D2A6-B14E-4A49-AFDC-8B7330647895}.Debug|x86.Deploy.0 = Debug|x86
		{8B49D2A6-B14E-4A49-AFDC-8B7330647895}.Release|Any CPU.ActiveCfg = Release|x86
		{8B49D2A6-B14E-4A49-AFDC-8B7330647895}.Release|Any CPU.Build.0 = Release|x86
		{8B49D2A6-B14E-4A49-AFDC-8B7330647895}.Release|Any CPU.Deploy.0 = Release|x86
		{8B49D2A6-B14E-4A49-AFDC-8B7330647895}.Release|ARM.ActiveCfg = Release|ARM
		{8B49D2A6-B14E-4A49-AFDC-8B7330647895}.Release|ARM.Build.0 = Release|ARM
		{8B49D2A6-B14E-4A49-AFDC-8B7330647895}.Release|ARM.Deploy.0 = Release|ARM
		{8B49D2A6-B14E-4A49-AFDC-8B7330647895}.Release|iPhone.ActiveCfg = Release|x86
		{8B49D2A6-B14E-4A49-AFDC-8B7330647895}.Release|iPhone.Build.0 = Release|x86
		{8B49D2A6-B14E-4A49-AFDC-8B7330647895}.Release|iPhone.Deploy.0 = Release|x86
		{8B49D2A6-B14E-4A49-AFDC-8B7330647895}.Release|iPhoneSimulator.ActiveCfg = Release|x86
		{8B49D2A6-B14E-4A49-AFDC-8B7330647895}.Release|iPhoneSimulator.Build.0 = Release|x86
		{8B49D2A6-B14E-4A49-AFDC-8B7330647895}.Release|iPhoneSimulator.Deploy.0 = Release|x86
		{8B49D2A6-B14E-4A49-AFDC-8B7330647895}.Release|x64.ActiveCfg = Release|x64
		{8B49D2A6-B14E-4A49-AFDC-8B7330647895}.Release|x64.Build.0 = Release|x64
		{8B49D2A6-B14E-4A49-AFDC-8B7330647895}.Release|x64.Deploy.0 = Release|x64
		{8B49D2A6-B14E-4A49-AFDC-8B7330647895}.Release|x86.ActiveCfg = Release|x86
		{8B49D2A6-B14E-4A49-AFDC-8B7330647895}.Release|x86.Build.0 = Release|x86
		{8B49D2A6-B14E-4A49-AFDC-8B7330647895}.Release|x86.Deploy.0 = Release|x86
		{D5AB5ED2-B96A-4901-9943-1556DC556FE3}.Debug|Any CPU.ActiveCfg = Debug|Any CPU
		{D5AB5ED2-B96A-4901-9943-1556DC556FE3}.Debug|Any CPU.Build.0 = Debug|Any CPU
		{D5AB5ED2-B96A-4901-9943-1556DC556FE3}.Debug|Any CPU.Deploy.0 = Debug|Any CPU
		{D5AB5ED2-B96A-4901-9943-1556DC556FE3}.Debug|ARM.ActiveCfg = Debug|Any CPU
		{D5AB5ED2-B96A-4901-9943-1556DC556FE3}.Debug|ARM.Build.0 = Debug|Any CPU
		{D5AB5ED2-B96A-4901-9943-1556DC556FE3}.Debug|ARM.Deploy.0 = Debug|Any CPU
		{D5AB5ED2-B96A-4901-9943-1556DC556FE3}.Debug|iPhone.ActiveCfg = Debug|Any CPU
		{D5AB5ED2-B96A-4901-9943-1556DC556FE3}.Debug|iPhone.Build.0 = Debug|Any CPU
		{D5AB5ED2-B96A-4901-9943-1556DC556FE3}.Debug|iPhone.Deploy.0 = Debug|Any CPU
		{D5AB5ED2-B96A-4901-9943-1556DC556FE3}.Debug|iPhoneSimulator.ActiveCfg = Debug|Any CPU
		{D5AB5ED2-B96A-4901-9943-1556DC556FE3}.Debug|iPhoneSimulator.Build.0 = Debug|Any CPU
		{D5AB5ED2-B96A-4901-9943-1556DC556FE3}.Debug|iPhoneSimulator.Deploy.0 = Debug|Any CPU
		{D5AB5ED2-B96A-4901-9943-1556DC556FE3}.Debug|x64.ActiveCfg = Debug|Any CPU
		{D5AB5ED2-B96A-4901-9943-1556DC556FE3}.Debug|x64.Build.0 = Debug|Any CPU
		{D5AB5ED2-B96A-4901-9943-1556DC556FE3}.Debug|x64.Deploy.0 = Debug|Any CPU
		{D5AB5ED2-B96A-4901-9943-1556DC556FE3}.Debug|x86.ActiveCfg = Debug|Any CPU
		{D5AB5ED2-B96A-4901-9943-1556DC556FE3}.Debug|x86.Build.0 = Debug|Any CPU
		{D5AB5ED2-B96A-4901-9943-1556DC556FE3}.Debug|x86.Deploy.0 = Debug|Any CPU
		{D5AB5ED2-B96A-4901-9943-1556DC556FE3}.Release|Any CPU.ActiveCfg = Release|Any CPU
		{D5AB5ED2-B96A-4901-9943-1556DC556FE3}.Release|Any CPU.Build.0 = Release|Any CPU
		{D5AB5ED2-B96A-4901-9943-1556DC556FE3}.Release|Any CPU.Deploy.0 = Release|Any CPU
		{D5AB5ED2-B96A-4901-9943-1556DC556FE3}.Release|ARM.ActiveCfg = Release|Any CPU
		{D5AB5ED2-B96A-4901-9943-1556DC556FE3}.Release|ARM.Build.0 = Release|Any CPU
		{D5AB5ED2-B96A-4901-9943-1556DC556FE3}.Release|ARM.Deploy.0 = Release|Any CPU
		{D5AB5ED2-B96A-4901-9943-1556DC556FE3}.Release|iPhone.ActiveCfg = Release|Any CPU
		{D5AB5ED2-B96A-4901-9943-1556DC556FE3}.Release|iPhone.Build.0 = Release|Any CPU
		{D5AB5ED2-B96A-4901-9943-1556DC556FE3}.Release|iPhone.Deploy.0 = Release|Any CPU
		{D5AB5ED2-B96A-4901-9943-1556DC556FE3}.Release|iPhoneSimulator.ActiveCfg = Release|Any CPU
		{D5AB5ED2-B96A-4901-9943-1556DC556FE3}.Release|iPhoneSimulator.Build.0 = Release|Any CPU
		{D5AB5ED2-B96A-4901-9943-1556DC556FE3}.Release|iPhoneSimulator.Deploy.0 = Release|Any CPU
		{D5AB5ED2-B96A-4901-9943-1556DC556FE3}.Release|x64.ActiveCfg = Release|Any CPU
		{D5AB5ED2-B96A-4901-9943-1556DC556FE3}.Release|x64.Build.0 = Release|Any CPU
		{D5AB5ED2-B96A-4901-9943-1556DC556FE3}.Release|x64.Deploy.0 = Release|Any CPU
		{D5AB5ED2-B96A-4901-9943-1556DC556FE3}.Release|x86.ActiveCfg = Release|Any CPU
		{D5AB5ED2-B96A-4901-9943-1556DC556FE3}.Release|x86.Build.0 = Release|Any CPU
		{D5AB5ED2-B96A-4901-9943-1556DC556FE3}.Release|x86.Deploy.0 = Release|Any CPU
		{B3273969-56D5-4811-9205-1739C82920EF}.Debug|Any CPU.ActiveCfg = Debug|Any CPU
		{B3273969-56D5-4811-9205-1739C82920EF}.Debug|Any CPU.Build.0 = Debug|Any CPU
		{B3273969-56D5-4811-9205-1739C82920EF}.Debug|Any CPU.Deploy.0 = Debug|Any CPU
		{B3273969-56D5-4811-9205-1739C82920EF}.Debug|ARM.ActiveCfg = Debug|Any CPU
		{B3273969-56D5-4811-9205-1739C82920EF}.Debug|ARM.Build.0 = Debug|Any CPU
		{B3273969-56D5-4811-9205-1739C82920EF}.Debug|ARM.Deploy.0 = Debug|Any CPU
		{B3273969-56D5-4811-9205-1739C82920EF}.Debug|iPhone.ActiveCfg = Debug|Any CPU
		{B3273969-56D5-4811-9205-1739C82920EF}.Debug|iPhone.Build.0 = Debug|Any CPU
		{B3273969-56D5-4811-9205-1739C82920EF}.Debug|iPhone.Deploy.0 = Debug|Any CPU
		{B3273969-56D5-4811-9205-1739C82920EF}.Debug|iPhoneSimulator.ActiveCfg = Debug|Any CPU
		{B3273969-56D5-4811-9205-1739C82920EF}.Debug|iPhoneSimulator.Build.0 = Debug|Any CPU
		{B3273969-56D5-4811-9205-1739C82920EF}.Debug|iPhoneSimulator.Deploy.0 = Debug|Any CPU
		{B3273969-56D5-4811-9205-1739C82920EF}.Debug|x64.ActiveCfg = Debug|Any CPU
		{B3273969-56D5-4811-9205-1739C82920EF}.Debug|x64.Build.0 = Debug|Any CPU
		{B3273969-56D5-4811-9205-1739C82920EF}.Debug|x64.Deploy.0 = Debug|Any CPU
		{B3273969-56D5-4811-9205-1739C82920EF}.Debug|x86.ActiveCfg = Debug|Any CPU
		{B3273969-56D5-4811-9205-1739C82920EF}.Debug|x86.Build.0 = Debug|Any CPU
		{B3273969-56D5-4811-9205-1739C82920EF}.Debug|x86.Deploy.0 = Debug|Any CPU
		{B3273969-56D5-4811-9205-1739C82920EF}.Release|Any CPU.ActiveCfg = Release|Any CPU
		{B3273969-56D5-4811-9205-1739C82920EF}.Release|Any CPU.Build.0 = Release|Any CPU
		{B3273969-56D5-4811-9205-1739C82920EF}.Release|Any CPU.Deploy.0 = Release|Any CPU
		{B3273969-56D5-4811-9205-1739C82920EF}.Release|ARM.ActiveCfg = Release|Any CPU
		{B3273969-56D5-4811-9205-1739C82920EF}.Release|ARM.Build.0 = Release|Any CPU
		{B3273969-56D5-4811-9205-1739C82920EF}.Release|ARM.Deploy.0 = Release|Any CPU
		{B3273969-56D5-4811-9205-1739C82920EF}.Release|iPhone.ActiveCfg = Release|Any CPU
		{B3273969-56D5-4811-9205-1739C82920EF}.Release|iPhone.Build.0 = Release|Any CPU
		{B3273969-56D5-4811-9205-1739C82920EF}.Release|iPhone.Deploy.0 = Release|Any CPU
		{B3273969-56D5-4811-9205-1739C82920EF}.Release|iPhoneSimulator.ActiveCfg = Release|Any CPU
		{B3273969-56D5-4811-9205-1739C82920EF}.Release|iPhoneSimulator.Build.0 = Release|Any CPU
		{B3273969-56D5-4811-9205-1739C82920EF}.Release|iPhoneSimulator.Deploy.0 = Release|Any CPU
		{B3273969-56D5-4811-9205-1739C82920EF}.Release|x64.ActiveCfg = Release|Any CPU
		{B3273969-56D5-4811-9205-1739C82920EF}.Release|x64.Build.0 = Release|Any CPU
		{B3273969-56D5-4811-9205-1739C82920EF}.Release|x64.Deploy.0 = Release|Any CPU
		{B3273969-56D5-4811-9205-1739C82920EF}.Release|x86.ActiveCfg = Release|Any CPU
		{B3273969-56D5-4811-9205-1739C82920EF}.Release|x86.Build.0 = Release|Any CPU
		{B3273969-56D5-4811-9205-1739C82920EF}.Release|x86.Deploy.0 = Release|Any CPU
	EndGlobalSection
	GlobalSection(SolutionProperties) = preSolution
		HideSolutionNode = FALSE
	EndGlobalSection
	GlobalSection(ExtensibilityGlobals) = postSolution
		SolutionGuid = {D2A15338-534B-435C-8DE0-74A06FFE0EDE}
	EndGlobalSection
EndGlobal
